{
  "pins" : [
    {
      "identity" : "audiokit",
      "kind" : "remoteSourceControl",
      "location" : "https://github.com/AudioKit/AudioKit.git",
      "state" : {
        "revision" : "82cab9d4c168b5b03b67e2ff099819f589b530f7",
        "version" : "5.6.2"
      }
    },
    {
      "identity" : "audiokitui",
      "kind" : "remoteSourceControl",
      "location" : "https://github.com/AudioKit/AudioKitUI.git",
      "state" : {
        "revision" : "1a61e8a96c7ee24c3e5abe06dc3334a31fd7571d",
        "version" : "0.3.7"
      }
    },
    {
      "identity" : "controls",
      "kind" : "remoteSourceControl",
      "location" : "https://github.com/AudioKit/Controls.git",
      "state" : {
        "revision" : "6861a9380963378115856f0b9b54414a9ec5f1ad",
        "version" : "1.1.2"
      }
    },
    {
      "identity" : "swiftui-introspect",
      "kind" : "remoteSourceControl",
      "location" : "https://github.com/siteline/swiftui-introspect.git",
      "state" : {
        "revision" : "668a65735751432b640260c56dfa621cec568368",
        "version" : "1.2.0"
      }
    },
    {
      "identity" : "waveform",
      "kind" : "remoteSourceControl",
      "location" : "https://github.com/AudioKit/Waveform.git",
      "state" : {
        "revision" : "79103e766434eb32aff9f0b169a469fce0af9ebd",
        "version" : "1.0.2"
      }
    }
  ],
  "version" : 2
}
